# @generated by Move, please check-in and do not edit manually.

[move]
version = 3
manifest_digest = "C74C366362A7595134225883DE7243AB191A79ED1C1AB500419F6F1B9743C5DB"
deps_digest = "F8BBB0CCB2491CA29A3DF03D6F92277A4F3574266507ACD77214D37ECA3F3082"
dependencies = [
  { id = "Sui", name = "Sui" },
]

[[move.package]]
id = "MoveStdlib"
source = { git = "https://github.com/MystenLabs/sui.git", rev = "framework/testnet", subdir = "crates/sui-framework/packages/move-stdlib" }

[[move.package]]
id = "Sui"
source = { git = "https://github.com/MystenLabs/sui.git", rev = "framework/testnet", subdir = "crates/sui-framework/packages/sui-framework" }

dependencies = [
  { id = "MoveStdlib", name = "MoveStdlib" },
]

[move.toolchain-version]
compiler-version = "1.48.0"
edition = "2024"
flavor = "sui"

[env]

[env.testnet]
chain-id = "4c78adac"
original-published-id = "0x25a04efc88188231b2f9eb35310a5025c293c4211d2482fd24fe2c8e2dbc9f74"
latest-published-id = "0x25a04efc88188231b2f9eb35310a5025c293c4211d2482fd24fe2c8e2dbc9f74"
published-version = "1"
