# @generated by Move, please check-in and do not edit manually.

[move]
version = 3
manifest_digest = "7B63D84CDB74F45BAE3AE73119A9068946E81B84C68945BC0A591123CD8FC554"
deps_digest = "F8BBB0CCB2491CA29A3DF03D6F92277A4F3574266507ACD77214D37ECA3F3082"
dependencies = [
  { id = "Sui", name = "Sui" },
]

[[move.package]]
id = "MoveStdlib"
source = { git = "https://github.com/MystenLabs/sui.git", rev = "framework/testnet", subdir = "crates/sui-framework/packages/move-stdlib" }

[[move.package]]
id = "Sui"
source = { git = "https://github.com/MystenLabs/sui.git", rev = "framework/testnet", subdir = "crates/sui-framework/packages/sui-framework" }

dependencies = [
  { id = "MoveStdlib", name = "MoveStdlib" },
]

[move.toolchain-version]
compiler-version = "1.49.1"
edition = "2024"
flavor = "sui"

[env]

[env.testnet]
chain-id = "4c78adac"
original-published-id = "0xd6f97fc85796ee23adf60504a620631a0eea6947f85c4ca51e02245e9a4b57d7"
latest-published-id = "0xd6f97fc85796ee23adf60504a620631a0eea6947f85c4ca51e02245e9a4b57d7"
published-version = "1"

[env.testnet-alt]
chain-id = "4c78adac"
original-published-id = "0x9a679ea2ab90d62abf6ffe20e52942222c858c3e4a87ad0cfeb8104877d5dd32"
latest-published-id = "0x9a679ea2ab90d62abf6ffe20e52942222c858c3e4a87ad0cfeb8104877d5dd32"
published-version = "1"
